
Microsoft Visual Studio Solution File, Format Version 12.00
# Visual Studio Version 16
VisualStudioVersion = 16.0.30413.136
MinimumVisualStudioVersion = 10.0.40219.1
Project("{FAE04EC0-301F-11D3-BF4B-00C04F79EFBC}") = "Fetch API", "Fetch API\Fetch API.csproj", "{A90C03F8-F0B7-440B-AF59-D67814D7060E}"
EndProject
Global
	GlobalSection(SolutionConfigurationPlatforms) = preSolution
		Debug|Any CPU = Debug|Any CPU
		Release|Any CPU = Release|Any CPU
	EndGlobalSection
	GlobalSection(ProjectConfigurationPlatforms) = postSolution
		{A90C03F8-F0B7-440B-AF59-D67814D7060E}.Debug|Any CPU.ActiveCfg = Debug|Any CPU
		{A90C03F8-F0B7-440B-AF59-D67814D7060E}.Debug|Any CPU.Build.0 = Debug|Any CPU
		{A90C03F8-F0B7-440B-AF59-D67814D7060E}.Release|Any CPU.ActiveCfg = Release|Any CPU
		{A90C03F8-F0B7-440B-AF59-D67814D7060E}.Release|Any CPU.Build.0 = Release|Any CPU
	EndGlobalSection
	GlobalSection(SolutionProperties) = preSolution
		HideSolutionNode = FALSE
	EndGlobalSection
	GlobalSection(ExtensibilityGlobals) = postSolution
		SolutionGuid = {968D01A8-8A51-44CC-9646-749608156167}
	EndGlobalSection
EndGlobal
